
Microsoft Visual Studio Solution File, Format Version 12.00
# Visual Studio 15
Project("{FAE04EC0-301F-11D3-BF4B-00C04F79EFBC}") = "TDDBC_Scheduler", "TDDBC_Scheduler\TDDBC_Scheduler.csproj", "{02A33EFA-953E-4867-A826-EC193DEA3C9E}"
EndProject
Project("{FAE04EC0-301F-11D3-BF4B-00C04F79EFBC}") = "TDDBC_Scheduler_Test", "TDDBC_Scheduler_Test\TDDBC_Scheduler_Test.csproj", "{A163E5F7-F2B1-45C3-9CBF-BF499D5C918D}"
EndProject
Global
	GlobalSection(SolutionConfigurationPlatforms) = preSolution
		Debug|Any CPU = Debug|Any CPU
		Release|Any CPU = Release|Any CPU
	EndGlobalSection
	GlobalSection(ProjectConfigurationPlatforms) = postSolution
		{02A33EFA-953E-4867-A826-EC193DEA3C9E}.Debug|Any CPU.ActiveCfg = Debug|Any CPU
		{02A33EFA-953E-4867-A826-EC193DEA3C9E}.Debug|Any CPU.Build.0 = Debug|Any CPU
		{02A33EFA-953E-4867-A826-EC193DEA3C9E}.Release|Any CPU.ActiveCfg = Release|Any CPU
		{02A33EFA-953E-4867-A826-EC193DEA3C9E}.Release|Any CPU.Build.0 = Release|Any CPU
		{A163E5F7-F2B1-45C3-9CBF-BF499D5C918D}.Debug|Any CPU.ActiveCfg = Debug|Any CPU
		{A163E5F7-F2B1-45C3-9CBF-BF499D5C918D}.Debug|Any CPU.Build.0 = Debug|Any CPU
		{A163E5F7-F2B1-45C3-9CBF-BF499D5C918D}.Release|Any CPU.ActiveCfg = Release|Any CPU
		{A163E5F7-F2B1-45C3-9CBF-BF499D5C918D}.Release|Any CPU.Build.0 = Release|Any CPU
	EndGlobalSection
EndGlobal
